// !$*UTF8*$!
{
	archiveVersion = 1;
	classes = {
	};
	objectVersion = 50;
	objects = {

/* Begin PBXBuildFile section */
		3B53A584260FC90700FD4F5D /* SignUpViewController.swift in Sources */ = {isa = PBXBuildFile; fileRef = 3B53A582260FC90700FD4F5D /* SignUpViewController.swift */; };
		3B53A585260FC90700FD4F5D /* SignUpViewController.xib in Resources */ = {isa = PBXBuildFile; fileRef = 3B53A583260FC90700FD4F5D /* SignUpViewController.xib */; };
		3B6C603F25FDFC7700839DA8 /* LoginViewController.swift in Sources */ = {isa = PBXBuildFile; fileRef = 3B6C603D25FDFC7700839DA8 /* LoginViewController.swift */; };
		3B6C604025FDFC7700839DA8 /* LoginViewController.xib in Resources */ = {isa = PBXBuildFile; fileRef = 3B6C603E25FDFC7700839DA8 /* LoginViewController.xib */; };
		3B7466C225FCC32E0000FB00 /* AppDelegate.swift in Sources */ = {isa = PBXBuildFile; fileRef = 3B7466C125FCC32E0000FB00 /* AppDelegate.swift */; };
		3B7466CC25FCC32F0000FB00 /* HSU.xcdatamodeld in Sources */ = {isa = PBXBuildFile; fileRef = 3B7466CA25FCC32F0000FB00 /* HSU.xcdatamodeld */; };
		3B7466CE25FCC3320000FB00 /* Assets.xcassets in Resources */ = {isa = PBXBuildFile; fileRef = 3B7466CD25FCC3320000FB00 /* Assets.xcassets */; };
		3B7466D125FCC3320000FB00 /* LaunchScreen.storyboard in Resources */ = {isa = PBXBuildFile; fileRef = 3B7466CF25FCC3320000FB00 /* LaunchScreen.storyboard */; };
		3B7466DF25FCC4DA0000FB00 /* RootViewController.swift in Sources */ = {isa = PBXBuildFile; fileRef = 3B7466DD25FCC4DA0000FB00 /* RootViewController.swift */; };
		3B7466E025FCC4DA0000FB00 /* RootViewController.xib in Resources */ = {isa = PBXBuildFile; fileRef = 3B7466DE25FCC4DA0000FB00 /* RootViewController.xib */; };
		D8051542260CF86200B54EF0 /* TabBarController.swift in Sources */ = {isa = PBXBuildFile; fileRef = D8051540260CF86200B54EF0 /* TabBarController.swift */; };
		D8051543260CF86200B54EF0 /* TabBarController.xib in Resources */ = {isa = PBXBuildFile; fileRef = D8051541260CF86200B54EF0 /* TabBarController.xib */; };
		D83621592635C5A20075A690 /* SettingsTableViewCell.swift in Sources */ = {isa = PBXBuildFile; fileRef = D83621572635C5A20075A690 /* SettingsTableViewCell.swift */; };
		D836215A2635C5A20075A690 /* SettingsTableViewCell.xib in Resources */ = {isa = PBXBuildFile; fileRef = D83621582635C5A20075A690 /* SettingsTableViewCell.xib */; };
		D85D1CC22635C09200A8FF7D /* SettingsViewController.swift in Sources */ = {isa = PBXBuildFile; fileRef = D85D1CC02635C09200A8FF7D /* SettingsViewController.swift */; };
		D85D1CC32635C09200A8FF7D /* SettingsViewController.xib in Resources */ = {isa = PBXBuildFile; fileRef = D85D1CC12635C09200A8FF7D /* SettingsViewController.xib */; };
		D86A22C8262F70C5006A91DB /* ReminderViewController.xib in Resources */ = {isa = PBXBuildFile; fileRef = D86A22C7262F70C5006A91DB /* ReminderViewController.xib */; };
		D86A22CC262F71B1006A91DB /* ReminderViewController.swift in Sources */ = {isa = PBXBuildFile; fileRef = D86A22CB262F71B1006A91DB /* ReminderViewController.swift */; };
		D87A400426358F6500363F3C /* UpdatePetViewController.swift in Sources */ = {isa = PBXBuildFile; fileRef = D87A400226358F6500363F3C /* UpdatePetViewController.swift */; };
		D87A400526358F6500363F3C /* UpdatePetViewController.xib in Resources */ = {isa = PBXBuildFile; fileRef = D87A400326358F6500363F3C /* UpdatePetViewController.xib */; };
		D88967102610EA130092B228 /* PetDetailViewController.swift in Sources */ = {isa = PBXBuildFile; fileRef = D889670E2610EA130092B228 /* PetDetailViewController.swift */; };
		D88967112610EA130092B228 /* PetDetailViewController.xib in Resources */ = {isa = PBXBuildFile; fileRef = D889670F2610EA130092B228 /* PetDetailViewController.xib */; };
		D8DC74602618D96F005EC30A /* PetDetailCollectionViewCell.swift in Sources */ = {isa = PBXBuildFile; fileRef = D8DC745E2618D96F005EC30A /* PetDetailCollectionViewCell.swift */; };
		D8DC74612618D96F005EC30A /* PetDetailCollectionViewCell.xib in Resources */ = {isa = PBXBuildFile; fileRef = D8DC745F2618D96F005EC30A /* PetDetailCollectionViewCell.xib */; };
		D8DC74652618DEBC005EC30A /* PetDetailCollectionViewDelegate.swift in Sources */ = {isa = PBXBuildFile; fileRef = D8DC74642618DEBC005EC30A /* PetDetailCollectionViewDelegate.swift */; };
		D8DC74682618DED1005EC30A /* PetDetailCollectionViewDataSource.swift in Sources */ = {isa = PBXBuildFile; fileRef = D8DC74672618DED1005EC30A /* PetDetailCollectionViewDataSource.swift */; };
		D8DFF1AE260E47E900777F4C /* HomeViewController.swift in Sources */ = {isa = PBXBuildFile; fileRef = D8CEAF0B260E2F5A00A0D762 /* HomeViewController.swift */; };
		D8DFF1B0260E47F500777F4C /* AddPetViewController.swift in Sources */ = {isa = PBXBuildFile; fileRef = D8CEAF10260E2F5A00A0D762 /* AddPetViewController.swift */; };
		D8DFF1B2260E480800777F4C /* ServicesCollectionViewDataSource.swift in Sources */ = {isa = PBXBuildFile; fileRef = D8CEAF16260E2F7300A0D762 /* ServicesCollectionViewDataSource.swift */; };
		D8DFF1B4260E480B00777F4C /* ServicesCollectionViewDelegate.swift in Sources */ = {isa = PBXBuildFile; fileRef = D8CEAF17260E2F7300A0D762 /* ServicesCollectionViewDelegate.swift */; };
		D8DFF1B6260E480F00777F4C /* PetsCollectionViewDataSource.swift in Sources */ = {isa = PBXBuildFile; fileRef = D8CEAF1A260E2F7300A0D762 /* PetsCollectionViewDataSource.swift */; };
		D8DFF1B8260E481100777F4C /* PetsCollectionViewDelegate.swift in Sources */ = {isa = PBXBuildFile; fileRef = D8CEAF19260E2F7300A0D762 /* PetsCollectionViewDelegate.swift */; };
		D8DFF1BA260E481900777F4C /* PetsCollectionViewCell.xib in Resources */ = {isa = PBXBuildFile; fileRef = D8CEAF0E260E2F5A00A0D762 /* PetsCollectionViewCell.xib */; };
		D8DFF1BC260E481B00777F4C /* ServicesCollectionViewCell.xib in Resources */ = {isa = PBXBuildFile; fileRef = D8CEAF0D260E2F5A00A0D762 /* ServicesCollectionViewCell.xib */; };
		D8DFF1BE260E481F00777F4C /* PetsCollectionViewCell.swift in Sources */ = {isa = PBXBuildFile; fileRef = D8CEAF09260E2F5A00A0D762 /* PetsCollectionViewCell.swift */; };
		D8DFF1C0260E482100777F4C /* ServicesCollectionViewCell.swift in Sources */ = {isa = PBXBuildFile; fileRef = D8CEAF08260E2F5A00A0D762 /* ServicesCollectionViewCell.swift */; };
		D8DFF1C2260E482700777F4C /* HomeViewController.xib in Resources */ = {isa = PBXBuildFile; fileRef = D8CEAF13260E2F5A00A0D762 /* HomeViewController.xib */; };
		D8DFF1C4260E482900777F4C /* AddPetViewController.xib in Resources */ = {isa = PBXBuildFile; fileRef = D8CEAF12260E2F5A00A0D762 /* AddPetViewController.xib */; };
		D8E01B7B260D15AA0042C649 /* UIView+Additions.swift in Sources */ = {isa = PBXBuildFile; fileRef = D8E01B7A260D15AA0042C649 /* UIView+Additions.swift */; };
/* End PBXBuildFile section */

/* Begin PBXFileReference section */
		3B53A582260FC90700FD4F5D /* SignUpViewController.swift */ = {isa = PBXFileReference; lastKnownFileType = sourcecode.swift; path = SignUpViewController.swift; sourceTree = "<group>"; };
		3B53A583260FC90700FD4F5D /* SignUpViewController.xib */ = {isa = PBXFileReference; lastKnownFileType = file.xib; path = SignUpViewController.xib; sourceTree = "<group>"; };
		3B6C603D25FDFC7700839DA8 /* LoginViewController.swift */ = {isa = PBXFileReference; lastKnownFileType = sourcecode.swift; path = LoginViewController.swift; sourceTree = "<group>"; };
		3B6C603E25FDFC7700839DA8 /* LoginViewController.xib */ = {isa = PBXFileReference; lastKnownFileType = file.xib; path = LoginViewController.xib; sourceTree = "<group>"; };
		3B7466BE25FCC32E0000FB00 /* HSU.app */ = {isa = PBXFileReference; explicitFileType = wrapper.application; includeInIndex = 0; path = HSU.app; sourceTree = BUILT_PRODUCTS_DIR; };
		3B7466C125FCC32E0000FB00 /* AppDelegate.swift */ = {isa = PBXFileReference; lastKnownFileType = sourcecode.swift; path = AppDelegate.swift; sourceTree = "<group>"; };
		3B7466CB25FCC32F0000FB00 /* HSU.xcdatamodel */ = {isa = PBXFileReference; lastKnownFileType = wrapper.xcdatamodel; path = HSU.xcdatamodel; sourceTree = "<group>"; };
		3B7466CD25FCC3320000FB00 /* Assets.xcassets */ = {isa = PBXFileReference; lastKnownFileType = folder.assetcatalog; path = Assets.xcassets; sourceTree = "<group>"; };
		3B7466D025FCC3320000FB00 /* Base */ = {isa = PBXFileReference; lastKnownFileType = file.storyboard; name = Base; path = Base.lproj/LaunchScreen.storyboard; sourceTree = "<group>"; };
		3B7466D225FCC3320000FB00 /* Info.plist */ = {isa = PBXFileReference; lastKnownFileType = text.plist.xml; path = Info.plist; sourceTree = "<group>"; };
		3B7466DD25FCC4DA0000FB00 /* RootViewController.swift */ = {isa = PBXFileReference; lastKnownFileType = sourcecode.swift; path = RootViewController.swift; sourceTree = "<group>"; };
		3B7466DE25FCC4DA0000FB00 /* RootViewController.xib */ = {isa = PBXFileReference; lastKnownFileType = file.xib; path = RootViewController.xib; sourceTree = "<group>"; };
		D8051540260CF86200B54EF0 /* TabBarController.swift */ = {isa = PBXFileReference; fileEncoding = 4; lastKnownFileType = sourcecode.swift; path = TabBarController.swift; sourceTree = "<group>"; };
		D8051541260CF86200B54EF0 /* TabBarController.xib */ = {isa = PBXFileReference; fileEncoding = 4; lastKnownFileType = file.xib; path = TabBarController.xib; sourceTree = "<group>"; };
		D83621572635C5A20075A690 /* SettingsTableViewCell.swift */ = {isa = PBXFileReference; lastKnownFileType = sourcecode.swift; path = SettingsTableViewCell.swift; sourceTree = "<group>"; };
		D83621582635C5A20075A690 /* SettingsTableViewCell.xib */ = {isa = PBXFileReference; lastKnownFileType = file.xib; path = SettingsTableViewCell.xib; sourceTree = "<group>"; };
		D85D1CC02635C09200A8FF7D /* SettingsViewController.swift */ = {isa = PBXFileReference; lastKnownFileType = sourcecode.swift; path = SettingsViewController.swift; sourceTree = "<group>"; };
		D85D1CC12635C09200A8FF7D /* SettingsViewController.xib */ = {isa = PBXFileReference; lastKnownFileType = file.xib; path = SettingsViewController.xib; sourceTree = "<group>"; };
		D86A22C7262F70C5006A91DB /* ReminderViewController.xib */ = {isa = PBXFileReference; fileEncoding = 4; lastKnownFileType = file.xib; path = ReminderViewController.xib; sourceTree = "<group>"; };
		D86A22CB262F71B1006A91DB /* ReminderViewController.swift */ = {isa = PBXFileReference; fileEncoding = 4; lastKnownFileType = sourcecode.swift; path = ReminderViewController.swift; sourceTree = "<group>"; };
		D87A400226358F6500363F3C /* UpdatePetViewController.swift */ = {isa = PBXFileReference; lastKnownFileType = sourcecode.swift; path = UpdatePetViewController.swift; sourceTree = "<group>"; };
		D87A400326358F6500363F3C /* UpdatePetViewController.xib */ = {isa = PBXFileReference; lastKnownFileType = file.xib; path = UpdatePetViewController.xib; sourceTree = "<group>"; };
		D889670E2610EA130092B228 /* PetDetailViewController.swift */ = {isa = PBXFileReference; lastKnownFileType = sourcecode.swift; path = PetDetailViewController.swift; sourceTree = "<group>"; };
		D889670F2610EA130092B228 /* PetDetailViewController.xib */ = {isa = PBXFileReference; lastKnownFileType = file.xib; path = PetDetailViewController.xib; sourceTree = "<group>"; };
		D8CEAF08260E2F5A00A0D762 /* ServicesCollectionViewCell.swift */ = {isa = PBXFileReference; lastKnownFileType = sourcecode.swift; path = ServicesCollectionViewCell.swift; sourceTree = "<group>"; };
		D8CEAF09260E2F5A00A0D762 /* PetsCollectionViewCell.swift */ = {isa = PBXFileReference; lastKnownFileType = sourcecode.swift; path = PetsCollectionViewCell.swift; sourceTree = "<group>"; };
		D8CEAF0B260E2F5A00A0D762 /* HomeViewController.swift */ = {isa = PBXFileReference; lastKnownFileType = sourcecode.swift; path = HomeViewController.swift; sourceTree = "<group>"; };
		D8CEAF0D260E2F5A00A0D762 /* ServicesCollectionViewCell.xib */ = {isa = PBXFileReference; lastKnownFileType = file.xib; path = ServicesCollectionViewCell.xib; sourceTree = "<group>"; };
		D8CEAF0E260E2F5A00A0D762 /* PetsCollectionViewCell.xib */ = {isa = PBXFileReference; lastKnownFileType = file.xib; path = PetsCollectionViewCell.xib; sourceTree = "<group>"; };
		D8CEAF10260E2F5A00A0D762 /* AddPetViewController.swift */ = {isa = PBXFileReference; lastKnownFileType = sourcecode.swift; path = AddPetViewController.swift; sourceTree = "<group>"; };
		D8CEAF12260E2F5A00A0D762 /* AddPetViewController.xib */ = {isa = PBXFileReference; lastKnownFileType = file.xib; path = AddPetViewController.xib; sourceTree = "<group>"; };
		D8CEAF13260E2F5A00A0D762 /* HomeViewController.xib */ = {isa = PBXFileReference; lastKnownFileType = file.xib; path = HomeViewController.xib; sourceTree = "<group>"; };
		D8CEAF16260E2F7300A0D762 /* ServicesCollectionViewDataSource.swift */ = {isa = PBXFileReference; lastKnownFileType = sourcecode.swift; path = ServicesCollectionViewDataSource.swift; sourceTree = "<group>"; };
		D8CEAF17260E2F7300A0D762 /* ServicesCollectionViewDelegate.swift */ = {isa = PBXFileReference; lastKnownFileType = sourcecode.swift; path = ServicesCollectionViewDelegate.swift; sourceTree = "<group>"; };
		D8CEAF19260E2F7300A0D762 /* PetsCollectionViewDelegate.swift */ = {isa = PBXFileReference; lastKnownFileType = sourcecode.swift; path = PetsCollectionViewDelegate.swift; sourceTree = "<group>"; };
		D8CEAF1A260E2F7300A0D762 /* PetsCollectionViewDataSource.swift */ = {isa = PBXFileReference; lastKnownFileType = sourcecode.swift; path = PetsCollectionViewDataSource.swift; sourceTree = "<group>"; };
		D8DC745E2618D96F005EC30A /* PetDetailCollectionViewCell.swift */ = {isa = PBXFileReference; lastKnownFileType = sourcecode.swift; path = PetDetailCollectionViewCell.swift; sourceTree = "<group>"; };
		D8DC745F2618D96F005EC30A /* PetDetailCollectionViewCell.xib */ = {isa = PBXFileReference; lastKnownFileType = file.xib; path = PetDetailCollectionViewCell.xib; sourceTree = "<group>"; };
		D8DC74642618DEBC005EC30A /* PetDetailCollectionViewDelegate.swift */ = {isa = PBXFileReference; lastKnownFileType = sourcecode.swift; path = PetDetailCollectionViewDelegate.swift; sourceTree = "<group>"; };
		D8DC74672618DED1005EC30A /* PetDetailCollectionViewDataSource.swift */ = {isa = PBXFileReference; lastKnownFileType = sourcecode.swift; path = PetDetailCollectionViewDataSource.swift; sourceTree = "<group>"; };
		D8E01B7A260D15AA0042C649 /* UIView+Additions.swift */ = {isa = PBXFileReference; lastKnownFileType = sourcecode.swift; path = "UIView+Additions.swift"; sourceTree = "<group>"; };
/* End PBXFileReference section */

/* Begin PBXFrameworksBuildPhase section */
		3B7466BB25FCC32E0000FB00 /* Frameworks */ = {
			isa = PBXFrameworksBuildPhase;
			buildActionMask = 2147483647;
			files = (
			);
			runOnlyForDeploymentPostprocessing = 0;
		};
/* End PBXFrameworksBuildPhase section */

/* Begin PBXGroup section */
		3B6C603825FDF82E00839DA8 /* Controllers */ = {
			isa = PBXGroup;
			children = (
				3B7466DD25FCC4DA0000FB00 /* RootViewController.swift */,
			);
			path = Controllers;
			sourceTree = "<group>";
		};
		3B6C603A25FDFC3F00839DA8 /* Authentication */ = {
			isa = PBXGroup;
			children = (
				3B6C603B25FDFC4800839DA8 /* Controllers */,
				3B6C603C25FDFC5C00839DA8 /* Xib */,
			);
			path = Authentication;
			sourceTree = "<group>";
		};
		3B6C603B25FDFC4800839DA8 /* Controllers */ = {
			isa = PBXGroup;
			children = (
				3B6C603D25FDFC7700839DA8 /* LoginViewController.swift */,
				3B53A582260FC90700FD4F5D /* SignUpViewController.swift */,
			);
			path = Controllers;
			sourceTree = "<group>";
		};
		3B6C603C25FDFC5C00839DA8 /* Xib */ = {
			isa = PBXGroup;
			children = (
				3B6C603E25FDFC7700839DA8 /* LoginViewController.xib */,
				3B53A583260FC90700FD4F5D /* SignUpViewController.xib */,
			);
			path = Xib;
			sourceTree = "<group>";
		};
		3B7466B525FCC32E0000FB00 = {
			isa = PBXGroup;
			children = (
				3B7466C025FCC32E0000FB00 /* HSU */,
				3B7466BF25FCC32E0000FB00 /* Products */,
			);
			sourceTree = "<group>";
		};
		3B7466BF25FCC32E0000FB00 /* Products */ = {
			isa = PBXGroup;
			children = (
				3B7466BE25FCC32E0000FB00 /* HSU.app */,
			);
			name = Products;
			sourceTree = "<group>";
		};
		3B7466C025FCC32E0000FB00 /* HSU */ = {
			isa = PBXGroup;
			children = (
				D85D1CBF2635C02A00A8FF7D /* SettingsViewController */,
				3B6C603A25FDFC3F00839DA8 /* Authentication */,
				D86A22BF262F6EEE006A91DB /* ReminderViewController */,
				D8CEAF06260E2F4800A0D762 /* HomeViewController */,
				D8E01B78260D15360042C649 /* Helper */,
				3B7466DA25FCC4A40000FB00 /* Root */,
				D805153F260CF84800B54EF0 /* TabBarController */,
				3B7466C125FCC32E0000FB00 /* AppDelegate.swift */,
				3B7466CD25FCC3320000FB00 /* Assets.xcassets */,
				3B7466CF25FCC3320000FB00 /* LaunchScreen.storyboard */,
				3B7466D225FCC3320000FB00 /* Info.plist */,
				3B7466CA25FCC32F0000FB00 /* HSU.xcdatamodeld */,
			);
			path = HSU;
			sourceTree = "<group>";
		};
		3B7466DA25FCC4A40000FB00 /* Root */ = {
			isa = PBXGroup;
			children = (
				3B6C603825FDF82E00839DA8 /* Controllers */,
				3B7466DB25FCC4B20000FB00 /* Xib */,
			);
			path = Root;
			sourceTree = "<group>";
		};
		3B7466DB25FCC4B20000FB00 /* Xib */ = {
			isa = PBXGroup;
			children = (
				3B7466DE25FCC4DA0000FB00 /* RootViewController.xib */,
			);
			path = Xib;
			sourceTree = "<group>";
		};
		D805153F260CF84800B54EF0 /* TabBarController */ = {
			isa = PBXGroup;
			children = (
				D8051540260CF86200B54EF0 /* TabBarController.swift */,
				D8051541260CF86200B54EF0 /* TabBarController.xib */,
			);
			path = TabBarController;
			sourceTree = "<group>";
		};
		D83621562635C5810075A690 /* Cell */ = {
			isa = PBXGroup;
			children = (
				D83621572635C5A20075A690 /* SettingsTableViewCell.swift */,
				D83621582635C5A20075A690 /* SettingsTableViewCell.xib */,
			);
			path = Cell;
			sourceTree = "<group>";
		};
		D85D1CBF2635C02A00A8FF7D /* SettingsViewController */ = {
			isa = PBXGroup;
			children = (
				D83621562635C5810075A690 /* Cell */,
				D85D1CC02635C09200A8FF7D /* SettingsViewController.swift */,
				D85D1CC12635C09200A8FF7D /* SettingsViewController.xib */,
			);
			path = SettingsViewController;
			sourceTree = "<group>";
		};
		D86A22BF262F6EEE006A91DB /* ReminderViewController */ = {
			isa = PBXGroup;
			children = (
				D86A22CB262F71B1006A91DB /* ReminderViewController.swift */,
				D86A22C7262F70C5006A91DB /* ReminderViewController.xib */,
			);
			path = ReminderViewController;
			sourceTree = "<group>";
		};
		D87A400126358F3300363F3C /* UpdatePetViewController */ = {
			isa = PBXGroup;
			children = (
				D87A400226358F6500363F3C /* UpdatePetViewController.swift */,
				D87A400326358F6500363F3C /* UpdatePetViewController.xib */,
			);
			path = UpdatePetViewController;
			sourceTree = "<group>";
		};
		D889670D2610E9DC0092B228 /* PetDetailViewController */ = {
			isa = PBXGroup;
			children = (
				D87A400126358F3300363F3C /* UpdatePetViewController */,
				D8DC745D2618D944005EC30A /* Cell */,
				D889670F2610EA130092B228 /* PetDetailViewController.xib */,
				D889670E2610EA130092B228 /* PetDetailViewController.swift */,
			);
			path = PetDetailViewController;
			sourceTree = "<group>";
		};
		D8CEAF06260E2F4800A0D762 /* HomeViewController */ = {
			isa = PBXGroup;
			children = (
				D8CEAF0B260E2F5A00A0D762 /* HomeViewController.swift */,
				D8CEAF13260E2F5A00A0D762 /* HomeViewController.xib */,
				D8CEAF07260E2F5A00A0D762 /* Cell */,
				D889670D2610E9DC0092B228 /* PetDetailViewController */,
				D8CEAF0F260E2F5A00A0D762 /* AddPetViewController */,
			);
			path = HomeViewController;
			sourceTree = "<group>";
		};
		D8CEAF07260E2F5A00A0D762 /* Cell */ = {
			isa = PBXGroup;
			children = (
				D8CEAF14260E2F6200A0D762 /* Sources */,
				D8CEAF0C260E2F5A00A0D762 /* Xib */,
				D8CEAF09260E2F5A00A0D762 /* PetsCollectionViewCell.swift */,
				D8CEAF08260E2F5A00A0D762 /* ServicesCollectionViewCell.swift */,
			);
			path = Cell;
			sourceTree = "<group>";
		};
		D8CEAF0C260E2F5A00A0D762 /* Xib */ = {
			isa = PBXGroup;
			children = (
				D8CEAF0E260E2F5A00A0D762 /* PetsCollectionViewCell.xib */,
				D8CEAF0D260E2F5A00A0D762 /* ServicesCollectionViewCell.xib */,
			);
			path = Xib;
			sourceTree = "<group>";
		};
		D8CEAF0F260E2F5A00A0D762 /* AddPetViewController */ = {
			isa = PBXGroup;
			children = (
				D8CEAF10260E2F5A00A0D762 /* AddPetViewController.swift */,
				D8CEAF12260E2F5A00A0D762 /* AddPetViewController.xib */,
			);
			path = AddPetViewController;
			sourceTree = "<group>";
		};
		D8CEAF14260E2F6200A0D762 /* Sources */ = {
			isa = PBXGroup;
			children = (
				D8CEAF15260E2F7300A0D762 /* ServicesCollectionViewSources */,
				D8CEAF18260E2F7300A0D762 /* PetsCollectionViewSources */,
			);
			path = Sources;
			sourceTree = "<group>";
		};
		D8CEAF15260E2F7300A0D762 /* ServicesCollectionViewSources */ = {
			isa = PBXGroup;
			children = (
				D8CEAF16260E2F7300A0D762 /* ServicesCollectionViewDataSource.swift */,
				D8CEAF17260E2F7300A0D762 /* ServicesCollectionViewDelegate.swift */,
			);
			path = ServicesCollectionViewSources;
			sourceTree = "<group>";
		};
		D8CEAF18260E2F7300A0D762 /* PetsCollectionViewSources */ = {
			isa = PBXGroup;
			children = (
				D8CEAF1A260E2F7300A0D762 /* PetsCollectionViewDataSource.swift */,
				D8CEAF19260E2F7300A0D762 /* PetsCollectionViewDelegate.swift */,
			);
			path = PetsCollectionViewSources;
			sourceTree = "<group>";
		};
		D8DC745D2618D944005EC30A /* Cell */ = {
			isa = PBXGroup;
			children = (
				D8DC74632618DE7B005EC30A /* Sources */,
				D8DC745E2618D96F005EC30A /* PetDetailCollectionViewCell.swift */,
				D8DC745F2618D96F005EC30A /* PetDetailCollectionViewCell.xib */,
			);
			path = Cell;
			sourceTree = "<group>";
		};
		D8DC74632618DE7B005EC30A /* Sources */ = {
			isa = PBXGroup;
			children = (
				D8DC74642618DEBC005EC30A /* PetDetailCollectionViewDelegate.swift */,
				D8DC74672618DED1005EC30A /* PetDetailCollectionViewDataSource.swift */,
			);
			path = Sources;
			sourceTree = "<group>";
		};
		D8E01B78260D15360042C649 /* Helper */ = {
			isa = PBXGroup;
			children = (
				D8E01B79260D153C0042C649 /* UIAdditions */,
			);
			path = Helper;
			sourceTree = "<group>";
		};
		D8E01B79260D153C0042C649 /* UIAdditions */ = {
			isa = PBXGroup;
			children = (
				D8E01B7A260D15AA0042C649 /* UIView+Additions.swift */,
			);
			path = UIAdditions;
			sourceTree = "<group>";
		};
/* End PBXGroup section */

/* Begin PBXNativeTarget section */
		3B7466BD25FCC32E0000FB00 /* HSU */ = {
			isa = PBXNativeTarget;
			buildConfigurationList = 3B7466D525FCC3320000FB00 /* Build configuration list for PBXNativeTarget "HSU" */;
			buildPhases = (
				3B7466BA25FCC32E0000FB00 /* Sources */,
				3B7466BB25FCC32E0000FB00 /* Frameworks */,
				3B7466BC25FCC32E0000FB00 /* Resources */,
			);
			buildRules = (
			);
			dependencies = (
			);
			name = HSU;
			productName = HSU;
			productReference = 3B7466BE25FCC32E0000FB00 /* HSU.app */;
			productType = "com.apple.product-type.application";
		};
/* End PBXNativeTarget section */

/* Begin PBXProject section */
		3B7466B625FCC32E0000FB00 /* Project object */ = {
			isa = PBXProject;
			attributes = {
				LastSwiftUpdateCheck = 1240;
				LastUpgradeCheck = 1240;
				TargetAttributes = {
					3B7466BD25FCC32E0000FB00 = {
						CreatedOnToolsVersion = 12.4;
					};
				};
			};
			buildConfigurationList = 3B7466B925FCC32E0000FB00 /* Build configuration list for PBXProject "HSU" */;
			compatibilityVersion = "Xcode 9.3";
			developmentRegion = en;
			hasScannedForEncodings = 0;
			knownRegions = (
				en,
				Base,
			);
			mainGroup = 3B7466B525FCC32E0000FB00;
			productRefGroup = 3B7466BF25FCC32E0000FB00 /* Products */;
			projectDirPath = "";
			projectRoot = "";
			targets = (
				3B7466BD25FCC32E0000FB00 /* HSU */,
			);
		};
/* End PBXProject section */

/* Begin PBXResourcesBuildPhase section */
		3B7466BC25FCC32E0000FB00 /* Resources */ = {
			isa = PBXResourcesBuildPhase;
			buildActionMask = 2147483647;
			files = (
				3B53A585260FC90700FD4F5D /* SignUpViewController.xib in Resources */,
				3B6C604025FDFC7700839DA8 /* LoginViewController.xib in Resources */,
				D86A22C8262F70C5006A91DB /* ReminderViewController.xib in Resources */,
				D8051543260CF86200B54EF0 /* TabBarController.xib in Resources */,
				D85D1CC32635C09200A8FF7D /* SettingsViewController.xib in Resources */,
				3B7466D125FCC3320000FB00 /* LaunchScreen.storyboard in Resources */,
				D8DFF1C4260E482900777F4C /* AddPetViewController.xib in Resources */,
				3B7466CE25FCC3320000FB00 /* Assets.xcassets in Resources */,
				D8DFF1BA260E481900777F4C /* PetsCollectionViewCell.xib in Resources */,
				D8DFF1C2260E482700777F4C /* HomeViewController.xib in Resources */,
				D87A400526358F6500363F3C /* UpdatePetViewController.xib in Resources */,
				3B7466E025FCC4DA0000FB00 /* RootViewController.xib in Resources */,
				D88967112610EA130092B228 /* PetDetailViewController.xib in Resources */,
				D8DFF1BC260E481B00777F4C /* ServicesCollectionViewCell.xib in Resources */,
				D836215A2635C5A20075A690 /* SettingsTableViewCell.xib in Resources */,
				D8DC74612618D96F005EC30A /* PetDetailCollectionViewCell.xib in Resources */,
			);
			runOnlyForDeploymentPostprocessing = 0;
		};
/* End PBXResourcesBuildPhase section */

/* Begin PBXSourcesBuildPhase section */
		3B7466BA25FCC32E0000FB00 /* Sources */ = {
			isa = PBXSourcesBuildPhase;
			buildActionMask = 2147483647;
			files = (
				D8DC74652618DEBC005EC30A /* PetDetailCollectionViewDelegate.swift in Sources */,
				D8E01B7B260D15AA0042C649 /* UIView+Additions.swift in Sources */,
				D8DFF1B8260E481100777F4C /* PetsCollectionViewDelegate.swift in Sources */,
				D8DFF1B0260E47F500777F4C /* AddPetViewController.swift in Sources */,
				D88967102610EA130092B228 /* PetDetailViewController.swift in Sources */,
				D8051542260CF86200B54EF0 /* TabBarController.swift in Sources */,
				D8DC74602618D96F005EC30A /* PetDetailCollectionViewCell.swift in Sources */,
				D8DFF1B6260E480F00777F4C /* PetsCollectionViewDataSource.swift in Sources */,
				D8DFF1BE260E481F00777F4C /* PetsCollectionViewCell.swift in Sources */,
				3B7466DF25FCC4DA0000FB00 /* RootViewController.swift in Sources */,
				D85D1CC22635C09200A8FF7D /* SettingsViewController.swift in Sources */,
				D8DFF1AE260E47E900777F4C /* HomeViewController.swift in Sources */,
				D87A400426358F6500363F3C /* UpdatePetViewController.swift in Sources */,
				3B7466CC25FCC32F0000FB00 /* HSU.xcdatamodeld in Sources */,
				D86A22CC262F71B1006A91DB /* ReminderViewController.swift in Sources */,
				3B53A584260FC90700FD4F5D /* SignUpViewController.swift in Sources */,
				3B6C603F25FDFC7700839DA8 /* LoginViewController.swift in Sources */,
				D8DFF1C0260E482100777F4C /* ServicesCollectionViewCell.swift in Sources */,
				D8DFF1B4260E480B00777F4C /* ServicesCollectionViewDelegate.swift in Sources */,
				D8DFF1B2260E480800777F4C /* ServicesCollectionViewDataSource.swift in Sources */,
				D83621592635C5A20075A690 /* SettingsTableViewCell.swift in Sources */,
				3B7466C225FCC32E0000FB00 /* AppDelegate.swift in Sources */,
				D8DC74682618DED1005EC30A /* PetDetailCollectionViewDataSource.swift in Sources */,
			);
			runOnlyForDeploymentPostprocessing = 0;
		};
/* End PBXSourcesBuildPhase section */

/* Begin PBXVariantGroup section */
		3B7466CF25FCC3320000FB00 /* LaunchScreen.storyboard */ = {
			isa = PBXVariantGroup;
			children = (
				3B7466D025FCC3320000FB00 /* Base */,
			);
			name = LaunchScreen.storyboard;
			sourceTree = "<group>";
		};
/* End PBXVariantGroup section */

/* Begin XCBuildConfiguration section */
		3B7466D325FCC3320000FB00 /* Debug */ = {
			isa = XCBuildConfiguration;
			buildSettings = {
				ALWAYS_SEARCH_USER_PATHS = NO;
				CLANG_ANALYZER_NONNULL = YES;
				CLANG_ANALYZER_NUMBER_OBJECT_CONVERSION = YES_AGGRESSIVE;
				CLANG_CXX_LANGUAGE_STANDARD = "gnu++14";
				CLANG_CXX_LIBRARY = "libc++";
				CLANG_ENABLE_MODULES = YES;
				CLANG_ENABLE_OBJC_ARC = YES;
				CLANG_ENABLE_OBJC_WEAK = YES;
				CLANG_WARN_BLOCK_CAPTURE_AUTORELEASING = YES;
				CLANG_WARN_BOOL_CONVERSION = YES;
				CLANG_WARN_COMMA = YES;
				CLANG_WARN_CONSTANT_CONVERSION = YES;
				CLANG_WARN_DEPRECATED_OBJC_IMPLEMENTATIONS = YES;
				CLANG_WARN_DIRECT_OBJC_ISA_USAGE = YES_ERROR;
				CLANG_WARN_DOCUMENTATION_COMMENTS = YES;
				CLANG_WARN_EMPTY_BODY = YES;
				CLANG_WARN_ENUM_CONVERSION = YES;
				CLANG_WARN_INFINITE_RECURSION = YES;
				CLANG_WARN_INT_CONVERSION = YES;
				CLANG_WARN_NON_LITERAL_NULL_CONVERSION = YES;
				CLANG_WARN_OBJC_IMPLICIT_RETAIN_SELF = YES;
				CLANG_WARN_OBJC_LITERAL_CONVERSION = YES;
				CLANG_WARN_OBJC_ROOT_CLASS = YES_ERROR;
				CLANG_WARN_QUOTED_INCLUDE_IN_FRAMEWORK_HEADER = YES;
				CLANG_WARN_RANGE_LOOP_ANALYSIS = YES;
				CLANG_WARN_STRICT_PROTOTYPES = YES;
				CLANG_WARN_SUSPICIOUS_MOVE = YES;
				CLANG_WARN_UNGUARDED_AVAILABILITY = YES_AGGRESSIVE;
				CLANG_WARN_UNREACHABLE_CODE = YES;
				CLANG_WARN__DUPLICATE_METHOD_MATCH = YES;
				COPY_PHASE_STRIP = NO;
				DEBUG_INFORMATION_FORMAT = dwarf;
				ENABLE_STRICT_OBJC_MSGSEND = YES;
				ENABLE_TESTABILITY = YES;
				GCC_C_LANGUAGE_STANDARD = gnu11;
				GCC_DYNAMIC_NO_PIC = NO;
				GCC_NO_COMMON_BLOCKS = YES;
				GCC_OPTIMIZATION_LEVEL = 0;
				GCC_PREPROCESSOR_DEFINITIONS = (
					"DEBUG=1",
					"$(inherited)",
				);
				GCC_WARN_64_TO_32_BIT_CONVERSION = YES;
				GCC_WARN_ABOUT_RETURN_TYPE = YES_ERROR;
				GCC_WARN_UNDECLARED_SELECTOR = YES;
				GCC_WARN_UNINITIALIZED_AUTOS = YES_AGGRESSIVE;
				GCC_WARN_UNUSED_FUNCTION = YES;
				GCC_WARN_UNUSED_VARIABLE = YES;
				IPHONEOS_DEPLOYMENT_TARGET = 14.4;
				MTL_ENABLE_DEBUG_INFO = INCLUDE_SOURCE;
				MTL_FAST_MATH = YES;
				ONLY_ACTIVE_ARCH = YES;
				SDKROOT = iphoneos;
				SWIFT_ACTIVE_COMPILATION_CONDITIONS = DEBUG;
				SWIFT_OPTIMIZATION_LEVEL = "-Onone";
			};
			name = Debug;
		};
		3B7466D425FCC3320000FB00 /* Release */ = {
			isa = XCBuildConfiguration;
			buildSettings = {
				ALWAYS_SEARCH_USER_PATHS = NO;
				CLANG_ANALYZER_NONNULL = YES;
				CLANG_ANALYZER_NUMBER_OBJECT_CONVERSION = YES_AGGRESSIVE;
				CLANG_CXX_LANGUAGE_STANDARD = "gnu++14";
				CLANG_CXX_LIBRARY = "libc++";
				CLANG_ENABLE_MODULES = YES;
				CLANG_ENABLE_OBJC_ARC = YES;
				CLANG_ENABLE_OBJC_WEAK = YES;
				CLANG_WARN_BLOCK_CAPTURE_AUTORELEASING = YES;
				CLANG_WARN_BOOL_CONVERSION = YES;
				CLANG_WARN_COMMA = YES;
				CLANG_WARN_CONSTANT_CONVERSION = YES;
				CLANG_WARN_DEPRECATED_OBJC_IMPLEMENTATIONS = YES;
				CLANG_WARN_DIRECT_OBJC_ISA_USAGE = YES_ERROR;
				CLANG_WARN_DOCUMENTATION_COMMENTS = YES;
				CLANG_WARN_EMPTY_BODY = YES;
				CLANG_WARN_ENUM_CONVERSION = YES;
				CLANG_WARN_INFINITE_RECURSION = YES;
				CLANG_WARN_INT_CONVERSION = YES;
				CLANG_WARN_NON_LITERAL_NULL_CONVERSION = YES;
				CLANG_WARN_OBJC_IMPLICIT_RETAIN_SELF = YES;
				CLANG_WARN_OBJC_LITERAL_CONVERSION = YES;
				CLANG_WARN_OBJC_ROOT_CLASS = YES_ERROR;
				CLANG_WARN_QUOTED_INCLUDE_IN_FRAMEWORK_HEADER = YES;
				CLANG_WARN_RANGE_LOOP_ANALYSIS = YES;
				CLANG_WARN_STRICT_PROTOTYPES = YES;
				CLANG_WARN_SUSPICIOUS_MOVE = YES;
				CLANG_WARN_UNGUARDED_AVAILABILITY = YES_AGGRESSIVE;
				CLANG_WARN_UNREACHABLE_CODE = YES;
				CLANG_WARN__DUPLICATE_METHOD_MATCH = YES;
				COPY_PHASE_STRIP = NO;
				DEBUG_INFORMATION_FORMAT = "dwarf-with-dsym";
				ENABLE_NS_ASSERTIONS = NO;
				ENABLE_STRICT_OBJC_MSGSEND = YES;
				GCC_C_LANGUAGE_STANDARD = gnu11;
				GCC_NO_COMMON_BLOCKS = YES;
				GCC_WARN_64_TO_32_BIT_CONVERSION = YES;
				GCC_WARN_ABOUT_RETURN_TYPE = YES_ERROR;
				GCC_WARN_UNDECLARED_SELECTOR = YES;
				GCC_WARN_UNINITIALIZED_AUTOS = YES_AGGRESSIVE;
				GCC_WARN_UNUSED_FUNCTION = YES;
				GCC_WARN_UNUSED_VARIABLE = YES;
				IPHONEOS_DEPLOYMENT_TARGET = 14.4;
				MTL_ENABLE_DEBUG_INFO = NO;
				MTL_FAST_MATH = YES;
				SDKROOT = iphoneos;
				SWIFT_COMPILATION_MODE = wholemodule;
				SWIFT_OPTIMIZATION_LEVEL = "-O";
				VALIDATE_PRODUCT = YES;
			};
			name = Release;
		};
		3B7466D625FCC3320000FB00 /* Debug */ = {
			isa = XCBuildConfiguration;
			buildSettings = {
				ASSETCATALOG_COMPILER_APPICON_NAME = AppIcon;
				ASSETCATALOG_COMPILER_GLOBAL_ACCENT_COLOR_NAME = AccentColor;
				CODE_SIGN_STYLE = Automatic;
				DEVELOPMENT_TEAM = 3MCKVUYN29;
				INFOPLIST_FILE = HSU/Info.plist;
				IPHONEOS_DEPLOYMENT_TARGET = 13.0;
				LD_RUNPATH_SEARCH_PATHS = (
					"$(inherited)",
					"@executable_path/Frameworks",
				);
				PRODUCT_BUNDLE_IDENTIFIER = com.ezgi.HSU;
				PRODUCT_NAME = "$(TARGET_NAME)";
				SWIFT_VERSION = 5.0;
				TARGETED_DEVICE_FAMILY = "1,2";
			};
			name = Debug;
		};
		3B7466D725FCC3320000FB00 /* Release */ = {
			isa = XCBuildConfiguration;
			buildSettings = {
				ASSETCATALOG_COMPILER_APPICON_NAME = AppIcon;
				ASSETCATALOG_COMPILER_GLOBAL_ACCENT_COLOR_NAME = AccentColor;
				CODE_SIGN_STYLE = Automatic;
				DEVELOPMENT_TEAM = 3MCKVUYN29;
				INFOPLIST_FILE = HSU/Info.plist;
				IPHONEOS_DEPLOYMENT_TARGET = 13.0;
				LD_RUNPATH_SEARCH_PATHS = (
					"$(inherited)",
					"@executable_path/Frameworks",
				);
				PRODUCT_BUNDLE_IDENTIFIER = com.ezgi.HSU;
				PRODUCT_NAME = "$(TARGET_NAME)";
				SWIFT_VERSION = 5.0;
				TARGETED_DEVICE_FAMILY = "1,2";
			};
			name = Release;
		};
/* End XCBuildConfiguration section */

/* Begin XCConfigurationList section */
		3B7466B925FCC32E0000FB00 /* Build configuration list for PBXProject "HSU" */ = {
			isa = XCConfigurationList;
			buildConfigurations = (
				3B7466D325FCC3320000FB00 /* Debug */,
				3B7466D425FCC3320000FB00 /* Release */,
			);
			defaultConfigurationIsVisible = 0;
			defaultConfigurationName = Release;
		};
		3B7466D525FCC3320000FB00 /* Build configuration list for PBXNativeTarget "HSU" */ = {
			isa = XCConfigurationList;
			buildConfigurations = (
				3B7466D625FCC3320000FB00 /* Debug */,
				3B7466D725FCC3320000FB00 /* Release */,
			);
			defaultConfigurationIsVisible = 0;
			defaultConfigurationName = Release;
		};
/* End XCConfigurationList section */

/* Begin XCVersionGroup section */
		3B7466CA25FCC32F0000FB00 /* HSU.xcdatamodeld */ = {
			isa = XCVersionGroup;
			children = (
				3B7466CB25FCC32F0000FB00 /* HSU.xcdatamodel */,
			);
			currentVersion = 3B7466CB25FCC32F0000FB00 /* HSU.xcdatamodel */;
			path = HSU.xcdatamodeld;
			sourceTree = "<group>";
			versionGroupType = wrapper.xcdatamodel;
		};
/* End XCVersionGroup section */
	};
	rootObject = 3B7466B625FCC32E0000FB00 /* Project object */;
}
