// !$*UTF8*$!
{
	archiveVersion = 1;
	classes = {
	};
	objectVersion = 50;
	objects = {

/* Begin PBXBuildFile section */
		3B60185E25FE9F1B00F2FFD6 /* ForgotPasswordViewController.swift in Sources */ = {isa = PBXBuildFile; fileRef = 3B60185C25FE9F1A00F2FFD6 /* ForgotPasswordViewController.swift */; };
		3B60185F25FE9F1B00F2FFD6 /* ForgotPasswordViewController.xib in Resources */ = {isa = PBXBuildFile; fileRef = 3B60185D25FE9F1A00F2FFD6 /* ForgotPasswordViewController.xib */; };
		3B6C603F25FDFC7700839DA8 /* LoginViewController.swift in Sources */ = {isa = PBXBuildFile; fileRef = 3B6C603D25FDFC7700839DA8 /* LoginViewController.swift */; };
		3B6C604025FDFC7700839DA8 /* LoginViewController.xib in Resources */ = {isa = PBXBuildFile; fileRef = 3B6C603E25FDFC7700839DA8 /* LoginViewController.xib */; };
		3B6C604725FE388100839DA8 /* SignUpViewController.swift in Sources */ = {isa = PBXBuildFile; fileRef = 3B6C604525FE388100839DA8 /* SignUpViewController.swift */; };
		3B6C604825FE388100839DA8 /* SignUpViewController.xib in Resources */ = {isa = PBXBuildFile; fileRef = 3B6C604625FE388100839DA8 /* SignUpViewController.xib */; };
		3B7466C225FCC32E0000FB00 /* AppDelegate.swift in Sources */ = {isa = PBXBuildFile; fileRef = 3B7466C125FCC32E0000FB00 /* AppDelegate.swift */; };
		3B7466CC25FCC32F0000FB00 /* HSU.xcdatamodeld in Sources */ = {isa = PBXBuildFile; fileRef = 3B7466CA25FCC32F0000FB00 /* HSU.xcdatamodeld */; };
		3B7466CE25FCC3320000FB00 /* Assets.xcassets in Resources */ = {isa = PBXBuildFile; fileRef = 3B7466CD25FCC3320000FB00 /* Assets.xcassets */; };
		3B7466D125FCC3320000FB00 /* LaunchScreen.storyboard in Resources */ = {isa = PBXBuildFile; fileRef = 3B7466CF25FCC3320000FB00 /* LaunchScreen.storyboard */; };
		3B7466DF25FCC4DA0000FB00 /* RootViewController.swift in Sources */ = {isa = PBXBuildFile; fileRef = 3B7466DD25FCC4DA0000FB00 /* RootViewController.swift */; };
		3B7466E025FCC4DA0000FB00 /* RootViewController.xib in Resources */ = {isa = PBXBuildFile; fileRef = 3B7466DE25FCC4DA0000FB00 /* RootViewController.xib */; };
		D8051542260CF86200B54EF0 /* TabBarController.swift in Sources */ = {isa = PBXBuildFile; fileRef = D8051540260CF86200B54EF0 /* TabBarController.swift */; };
		D8051543260CF86200B54EF0 /* TabBarController.xib in Resources */ = {isa = PBXBuildFile; fileRef = D8051541260CF86200B54EF0 /* TabBarController.xib */; };
		D805155A260CFE1200B54EF0 /* PetsCollectionViewCell.xib in Resources */ = {isa = PBXBuildFile; fileRef = D805154F260CFE1200B54EF0 /* PetsCollectionViewCell.xib */; };
		D805155B260CFE1200B54EF0 /* ServicesCollectionViewCell.xib in Resources */ = {isa = PBXBuildFile; fileRef = D8051550260CFE1200B54EF0 /* ServicesCollectionViewCell.xib */; };
		D805155C260CFE1200B54EF0 /* PetsCollectionViewCell.swift in Sources */ = {isa = PBXBuildFile; fileRef = D8051551260CFE1200B54EF0 /* PetsCollectionViewCell.swift */; };
		D805155D260CFE1200B54EF0 /* ServicesCollectionViewCell.swift in Sources */ = {isa = PBXBuildFile; fileRef = D8051552260CFE1200B54EF0 /* ServicesCollectionViewCell.swift */; };
		D805155E260CFE1200B54EF0 /* HomeViewController.xib in Resources */ = {isa = PBXBuildFile; fileRef = D8051554260CFE1200B54EF0 /* HomeViewController.xib */; };
		D805155F260CFE1200B54EF0 /* HomeViewController.swift in Sources */ = {isa = PBXBuildFile; fileRef = D8051555260CFE1200B54EF0 /* HomeViewController.swift */; };
		D8051560260CFE1200B54EF0 /* AddPetViewController.swift in Sources */ = {isa = PBXBuildFile; fileRef = D8051557260CFE1200B54EF0 /* AddPetViewController.swift */; };
		D8051561260CFE1200B54EF0 /* AddPetViewController.xib in Resources */ = {isa = PBXBuildFile; fileRef = D8051558260CFE1200B54EF0 /* AddPetViewController.xib */; };
		D8E01B7B260D15AA0042C649 /* UIShadow+Additions.swift in Sources */ = {isa = PBXBuildFile; fileRef = D8E01B7A260D15AA0042C649 /* UIShadow+Additions.swift */; };
/* End PBXBuildFile section */

/* Begin PBXFileReference section */
		3B60185C25FE9F1A00F2FFD6 /* ForgotPasswordViewController.swift */ = {isa = PBXFileReference; lastKnownFileType = sourcecode.swift; path = ForgotPasswordViewController.swift; sourceTree = "<group>"; };
		3B60185D25FE9F1A00F2FFD6 /* ForgotPasswordViewController.xib */ = {isa = PBXFileReference; lastKnownFileType = file.xib; path = ForgotPasswordViewController.xib; sourceTree = "<group>"; };
		3B6C603D25FDFC7700839DA8 /* LoginViewController.swift */ = {isa = PBXFileReference; lastKnownFileType = sourcecode.swift; path = LoginViewController.swift; sourceTree = "<group>"; };
		3B6C603E25FDFC7700839DA8 /* LoginViewController.xib */ = {isa = PBXFileReference; lastKnownFileType = file.xib; path = LoginViewController.xib; sourceTree = "<group>"; };
		3B6C604525FE388100839DA8 /* SignUpViewController.swift */ = {isa = PBXFileReference; lastKnownFileType = sourcecode.swift; path = SignUpViewController.swift; sourceTree = "<group>"; };
		3B6C604625FE388100839DA8 /* SignUpViewController.xib */ = {isa = PBXFileReference; lastKnownFileType = file.xib; path = SignUpViewController.xib; sourceTree = "<group>"; };
		3B7466BE25FCC32E0000FB00 /* HSU.app */ = {isa = PBXFileReference; explicitFileType = wrapper.application; includeInIndex = 0; path = HSU.app; sourceTree = BUILT_PRODUCTS_DIR; };
		3B7466C125FCC32E0000FB00 /* AppDelegate.swift */ = {isa = PBXFileReference; lastKnownFileType = sourcecode.swift; path = AppDelegate.swift; sourceTree = "<group>"; };
		3B7466CB25FCC32F0000FB00 /* HSU.xcdatamodel */ = {isa = PBXFileReference; lastKnownFileType = wrapper.xcdatamodel; path = HSU.xcdatamodel; sourceTree = "<group>"; };
		3B7466CD25FCC3320000FB00 /* Assets.xcassets */ = {isa = PBXFileReference; lastKnownFileType = folder.assetcatalog; path = Assets.xcassets; sourceTree = "<group>"; };
		3B7466D025FCC3320000FB00 /* Base */ = {isa = PBXFileReference; lastKnownFileType = file.storyboard; name = Base; path = Base.lproj/LaunchScreen.storyboard; sourceTree = "<group>"; };
		3B7466D225FCC3320000FB00 /* Info.plist */ = {isa = PBXFileReference; lastKnownFileType = text.plist.xml; path = Info.plist; sourceTree = "<group>"; };
		3B7466DD25FCC4DA0000FB00 /* RootViewController.swift */ = {isa = PBXFileReference; lastKnownFileType = sourcecode.swift; path = RootViewController.swift; sourceTree = "<group>"; };
		3B7466DE25FCC4DA0000FB00 /* RootViewController.xib */ = {isa = PBXFileReference; lastKnownFileType = file.xib; path = RootViewController.xib; sourceTree = "<group>"; };
		D8051540260CF86200B54EF0 /* TabBarController.swift */ = {isa = PBXFileReference; fileEncoding = 4; lastKnownFileType = sourcecode.swift; path = TabBarController.swift; sourceTree = "<group>"; };
		D8051541260CF86200B54EF0 /* TabBarController.xib */ = {isa = PBXFileReference; fileEncoding = 4; lastKnownFileType = file.xib; path = TabBarController.xib; sourceTree = "<group>"; };
		D805154F260CFE1200B54EF0 /* PetsCollectionViewCell.xib */ = {isa = PBXFileReference; fileEncoding = 4; lastKnownFileType = file.xib; path = PetsCollectionViewCell.xib; sourceTree = "<group>"; };
		D8051550260CFE1200B54EF0 /* ServicesCollectionViewCell.xib */ = {isa = PBXFileReference; fileEncoding = 4; lastKnownFileType = file.xib; path = ServicesCollectionViewCell.xib; sourceTree = "<group>"; };
		D8051551260CFE1200B54EF0 /* PetsCollectionViewCell.swift */ = {isa = PBXFileReference; fileEncoding = 4; lastKnownFileType = sourcecode.swift; path = PetsCollectionViewCell.swift; sourceTree = "<group>"; };
		D8051552260CFE1200B54EF0 /* ServicesCollectionViewCell.swift */ = {isa = PBXFileReference; fileEncoding = 4; lastKnownFileType = sourcecode.swift; path = ServicesCollectionViewCell.swift; sourceTree = "<group>"; };
		D8051554260CFE1200B54EF0 /* HomeViewController.xib */ = {isa = PBXFileReference; fileEncoding = 4; lastKnownFileType = file.xib; path = HomeViewController.xib; sourceTree = "<group>"; };
		D8051555260CFE1200B54EF0 /* HomeViewController.swift */ = {isa = PBXFileReference; fileEncoding = 4; lastKnownFileType = sourcecode.swift; path = HomeViewController.swift; sourceTree = "<group>"; };
		D8051557260CFE1200B54EF0 /* AddPetViewController.swift */ = {isa = PBXFileReference; fileEncoding = 4; lastKnownFileType = sourcecode.swift; path = AddPetViewController.swift; sourceTree = "<group>"; };
		D8051558260CFE1200B54EF0 /* AddPetViewController.xib */ = {isa = PBXFileReference; fileEncoding = 4; lastKnownFileType = file.xib; path = AddPetViewController.xib; sourceTree = "<group>"; };
		D8E01B7A260D15AA0042C649 /* UIShadow+Additions.swift */ = {isa = PBXFileReference; lastKnownFileType = sourcecode.swift; path = "UIShadow+Additions.swift"; sourceTree = "<group>"; };
/* End PBXFileReference section */

/* Begin PBXFrameworksBuildPhase section */
		3B7466BB25FCC32E0000FB00 /* Frameworks */ = {
			isa = PBXFrameworksBuildPhase;
			buildActionMask = 2147483647;
			files = (
			);
			runOnlyForDeploymentPostprocessing = 0;
		};
/* End PBXFrameworksBuildPhase section */

/* Begin PBXGroup section */
		3B6C603825FDF82E00839DA8 /* Controllers */ = {
			isa = PBXGroup;
			children = (
				3B7466DD25FCC4DA0000FB00 /* RootViewController.swift */,
			);
			path = Controllers;
			sourceTree = "<group>";
		};
		3B6C603A25FDFC3F00839DA8 /* Authentication */ = {
			isa = PBXGroup;
			children = (
				3B6C603B25FDFC4800839DA8 /* Controllers */,
				3B6C603C25FDFC5C00839DA8 /* Xib */,
			);
			path = Authentication;
			sourceTree = "<group>";
		};
		3B6C603B25FDFC4800839DA8 /* Controllers */ = {
			isa = PBXGroup;
			children = (
				3B6C603D25FDFC7700839DA8 /* LoginViewController.swift */,
				3B6C604525FE388100839DA8 /* SignUpViewController.swift */,
				3B60185C25FE9F1A00F2FFD6 /* ForgotPasswordViewController.swift */,
			);
			path = Controllers;
			sourceTree = "<group>";
		};
		3B6C603C25FDFC5C00839DA8 /* Xib */ = {
			isa = PBXGroup;
			children = (
				3B6C603E25FDFC7700839DA8 /* LoginViewController.xib */,
				3B6C604625FE388100839DA8 /* SignUpViewController.xib */,
				3B60185D25FE9F1A00F2FFD6 /* ForgotPasswordViewController.xib */,
			);
			path = Xib;
			sourceTree = "<group>";
		};
		3B7466B525FCC32E0000FB00 = {
			isa = PBXGroup;
			children = (
				3B7466C025FCC32E0000FB00 /* HSU */,
				3B7466BF25FCC32E0000FB00 /* Products */,
			);
			sourceTree = "<group>";
		};
		3B7466BF25FCC32E0000FB00 /* Products */ = {
			isa = PBXGroup;
			children = (
				3B7466BE25FCC32E0000FB00 /* HSU.app */,
			);
			name = Products;
			sourceTree = "<group>";
		};
		3B7466C025FCC32E0000FB00 /* HSU */ = {
			isa = PBXGroup;
			children = (
				D8E01B78260D15360042C649 /* Helper */,
				3B7466DA25FCC4A40000FB00 /* Root */,
				D805153F260CF84800B54EF0 /* TabBarController */,
				3B6C603A25FDFC3F00839DA8 /* Authentication */,
				D805154D260CFE1200B54EF0 /* HomeView */,
				3B7466C125FCC32E0000FB00 /* AppDelegate.swift */,
				3B7466CD25FCC3320000FB00 /* Assets.xcassets */,
				3B7466CF25FCC3320000FB00 /* LaunchScreen.storyboard */,
				3B7466D225FCC3320000FB00 /* Info.plist */,
				3B7466CA25FCC32F0000FB00 /* HSU.xcdatamodeld */,
			);
			path = HSU;
			sourceTree = "<group>";
		};
		3B7466DA25FCC4A40000FB00 /* Root */ = {
			isa = PBXGroup;
			children = (
				3B6C603825FDF82E00839DA8 /* Controllers */,
				3B7466DB25FCC4B20000FB00 /* Xib */,
			);
			path = Root;
			sourceTree = "<group>";
		};
		3B7466DB25FCC4B20000FB00 /* Xib */ = {
			isa = PBXGroup;
			children = (
				3B7466DE25FCC4DA0000FB00 /* RootViewController.xib */,
			);
			path = Xib;
			sourceTree = "<group>";
		};
		D805153F260CF84800B54EF0 /* TabBarController */ = {
			isa = PBXGroup;
			children = (
				D8051540260CF86200B54EF0 /* TabBarController.swift */,
				D8051541260CF86200B54EF0 /* TabBarController.xib */,
			);
			path = TabBarController;
			sourceTree = "<group>";
		};
		D805154D260CFE1200B54EF0 /* HomeView */ = {
			isa = PBXGroup;
			children = (
				D805154E260CFE1200B54EF0 /* Cell */,
				D8051553260CFE1200B54EF0 /* View */,
				D8051559260CFE1200B54EF0 /* Sources */,
			);
			name = HomeView;
			path = "../../adsız klasör/HSU/HSU/HSU/TabBarController/HomeView";
			sourceTree = "<group>";
		};
		D805154E260CFE1200B54EF0 /* Cell */ = {
			isa = PBXGroup;
			children = (
				D8051565260CFF7E00B54EF0 /* Xib */,
				D8051551260CFE1200B54EF0 /* PetsCollectionViewCell.swift */,
				D8051552260CFE1200B54EF0 /* ServicesCollectionViewCell.swift */,
			);
			path = Cell;
			sourceTree = "<group>";
		};
		D8051553260CFE1200B54EF0 /* View */ = {
			isa = PBXGroup;
			children = (
				D8051566260CFF9000B54EF0 /* Xib */,
				D8051555260CFE1200B54EF0 /* HomeViewController.swift */,
				D8051556260CFE1200B54EF0 /* AddPetView */,
			);
			path = View;
			sourceTree = "<group>";
		};
		D8051556260CFE1200B54EF0 /* AddPetView */ = {
			isa = PBXGroup;
			children = (
				D8051557260CFE1200B54EF0 /* AddPetViewController.swift */,
			);
			path = AddPetView;
			sourceTree = "<group>";
		};
		D8051559260CFE1200B54EF0 /* Sources */ = {
			isa = PBXGroup;
			children = (
			);
			path = Sources;
			sourceTree = "<group>";
		};
		D8051565260CFF7E00B54EF0 /* Xib */ = {
			isa = PBXGroup;
			children = (
				D805154F260CFE1200B54EF0 /* PetsCollectionViewCell.xib */,
				D8051550260CFE1200B54EF0 /* ServicesCollectionViewCell.xib */,
			);
			path = Xib;
			sourceTree = "<group>";
		};
		D8051566260CFF9000B54EF0 /* Xib */ = {
			isa = PBXGroup;
			children = (
				D8051554260CFE1200B54EF0 /* HomeViewController.xib */,
				D8051558260CFE1200B54EF0 /* AddPetViewController.xib */,
			);
			path = Xib;
			sourceTree = "<group>";
		};
		D8E01B78260D15360042C649 /* Helper */ = {
			isa = PBXGroup;
			children = (
				D8E01B79260D153C0042C649 /* UIAdditions */,
			);
			path = Helper;
			sourceTree = "<group>";
		};
		D8E01B79260D153C0042C649 /* UIAdditions */ = {
			isa = PBXGroup;
			children = (
				D8E01B7A260D15AA0042C649 /* UIShadow+Additions.swift */,
			);
			path = UIAdditions;
			sourceTree = "<group>";
		};
/* End PBXGroup section */

/* Begin PBXNativeTarget section */
		3B7466BD25FCC32E0000FB00 /* HSU */ = {
			isa = PBXNativeTarget;
			buildConfigurationList = 3B7466D525FCC3320000FB00 /* Build configuration list for PBXNativeTarget "HSU" */;
			buildPhases = (
				3B7466BA25FCC32E0000FB00 /* Sources */,
				3B7466BB25FCC32E0000FB00 /* Frameworks */,
				3B7466BC25FCC32E0000FB00 /* Resources */,
			);
			buildRules = (
			);
			dependencies = (
			);
			name = HSU;
			productName = HSU;
			productReference = 3B7466BE25FCC32E0000FB00 /* HSU.app */;
			productType = "com.apple.product-type.application";
		};
/* End PBXNativeTarget section */

/* Begin PBXProject section */
		3B7466B625FCC32E0000FB00 /* Project object */ = {
			isa = PBXProject;
			attributes = {
				LastSwiftUpdateCheck = 1240;
				LastUpgradeCheck = 1240;
				TargetAttributes = {
					3B7466BD25FCC32E0000FB00 = {
						CreatedOnToolsVersion = 12.4;
					};
				};
			};
			buildConfigurationList = 3B7466B925FCC32E0000FB00 /* Build configuration list for PBXProject "HSU" */;
			compatibilityVersion = "Xcode 9.3";
			developmentRegion = en;
			hasScannedForEncodings = 0;
			knownRegions = (
				en,
				Base,
			);
			mainGroup = 3B7466B525FCC32E0000FB00;
			productRefGroup = 3B7466BF25FCC32E0000FB00 /* Products */;
			projectDirPath = "";
			projectRoot = "";
			targets = (
				3B7466BD25FCC32E0000FB00 /* HSU */,
			);
		};
/* End PBXProject section */

/* Begin PBXResourcesBuildPhase section */
		3B7466BC25FCC32E0000FB00 /* Resources */ = {
			isa = PBXResourcesBuildPhase;
			buildActionMask = 2147483647;
			files = (
				3B60185F25FE9F1B00F2FFD6 /* ForgotPasswordViewController.xib in Resources */,
				3B6C604825FE388100839DA8 /* SignUpViewController.xib in Resources */,
				D805155B260CFE1200B54EF0 /* ServicesCollectionViewCell.xib in Resources */,
				3B6C604025FDFC7700839DA8 /* LoginViewController.xib in Resources */,
				D8051543260CF86200B54EF0 /* TabBarController.xib in Resources */,
				3B7466D125FCC3320000FB00 /* LaunchScreen.storyboard in Resources */,
				3B7466CE25FCC3320000FB00 /* Assets.xcassets in Resources */,
				3B7466E025FCC4DA0000FB00 /* RootViewController.xib in Resources */,
				D805155A260CFE1200B54EF0 /* PetsCollectionViewCell.xib in Resources */,
				D8051561260CFE1200B54EF0 /* AddPetViewController.xib in Resources */,
				D805155E260CFE1200B54EF0 /* HomeViewController.xib in Resources */,
			);
			runOnlyForDeploymentPostprocessing = 0;
		};
/* End PBXResourcesBuildPhase section */

/* Begin PBXSourcesBuildPhase section */
		3B7466BA25FCC32E0000FB00 /* Sources */ = {
			isa = PBXSourcesBuildPhase;
			buildActionMask = 2147483647;
			files = (
				3B6C604725FE388100839DA8 /* SignUpViewController.swift in Sources */,
				D8E01B7B260D15AA0042C649 /* UIShadow+Additions.swift in Sources */,
				D8051542260CF86200B54EF0 /* TabBarController.swift in Sources */,
				3B60185E25FE9F1B00F2FFD6 /* ForgotPasswordViewController.swift in Sources */,
				3B7466DF25FCC4DA0000FB00 /* RootViewController.swift in Sources */,
				3B7466CC25FCC32F0000FB00 /* HSU.xcdatamodeld in Sources */,
				D8051560260CFE1200B54EF0 /* AddPetViewController.swift in Sources */,
				3B6C603F25FDFC7700839DA8 /* LoginViewController.swift in Sources */,
				D805155F260CFE1200B54EF0 /* HomeViewController.swift in Sources */,
				D805155C260CFE1200B54EF0 /* PetsCollectionViewCell.swift in Sources */,
				D805155D260CFE1200B54EF0 /* ServicesCollectionViewCell.swift in Sources */,
				3B7466C225FCC32E0000FB00 /* AppDelegate.swift in Sources */,
			);
			runOnlyForDeploymentPostprocessing = 0;
		};
/* End PBXSourcesBuildPhase section */

/* Begin PBXVariantGroup section */
		3B7466CF25FCC3320000FB00 /* LaunchScreen.storyboard */ = {
			isa = PBXVariantGroup;
			children = (
				3B7466D025FCC3320000FB00 /* Base */,
			);
			name = LaunchScreen.storyboard;
			sourceTree = "<group>";
		};
/* End PBXVariantGroup section */

/* Begin XCBuildConfiguration section */
		3B7466D325FCC3320000FB00 /* Debug */ = {
			isa = XCBuildConfiguration;
			buildSettings = {
				ALWAYS_SEARCH_USER_PATHS = NO;
				CLANG_ANALYZER_NONNULL = YES;
				CLANG_ANALYZER_NUMBER_OBJECT_CONVERSION = YES_AGGRESSIVE;
				CLANG_CXX_LANGUAGE_STANDARD = "gnu++14";
				CLANG_CXX_LIBRARY = "libc++";
				CLANG_ENABLE_MODULES = YES;
				CLANG_ENABLE_OBJC_ARC = YES;
				CLANG_ENABLE_OBJC_WEAK = YES;
				CLANG_WARN_BLOCK_CAPTURE_AUTORELEASING = YES;
				CLANG_WARN_BOOL_CONVERSION = YES;
				CLANG_WARN_COMMA = YES;
				CLANG_WARN_CONSTANT_CONVERSION = YES;
				CLANG_WARN_DEPRECATED_OBJC_IMPLEMENTATIONS = YES;
				CLANG_WARN_DIRECT_OBJC_ISA_USAGE = YES_ERROR;
				CLANG_WARN_DOCUMENTATION_COMMENTS = YES;
				CLANG_WARN_EMPTY_BODY = YES;
				CLANG_WARN_ENUM_CONVERSION = YES;
				CLANG_WARN_INFINITE_RECURSION = YES;
				CLANG_WARN_INT_CONVERSION = YES;
				CLANG_WARN_NON_LITERAL_NULL_CONVERSION = YES;
				CLANG_WARN_OBJC_IMPLICIT_RETAIN_SELF = YES;
				CLANG_WARN_OBJC_LITERAL_CONVERSION = YES;
				CLANG_WARN_OBJC_ROOT_CLASS = YES_ERROR;
				CLANG_WARN_QUOTED_INCLUDE_IN_FRAMEWORK_HEADER = YES;
				CLANG_WARN_RANGE_LOOP_ANALYSIS = YES;
				CLANG_WARN_STRICT_PROTOTYPES = YES;
				CLANG_WARN_SUSPICIOUS_MOVE = YES;
				CLANG_WARN_UNGUARDED_AVAILABILITY = YES_AGGRESSIVE;
				CLANG_WARN_UNREACHABLE_CODE = YES;
				CLANG_WARN__DUPLICATE_METHOD_MATCH = YES;
				COPY_PHASE_STRIP = NO;
				DEBUG_INFORMATION_FORMAT = dwarf;
				ENABLE_STRICT_OBJC_MSGSEND = YES;
				ENABLE_TESTABILITY = YES;
				GCC_C_LANGUAGE_STANDARD = gnu11;
				GCC_DYNAMIC_NO_PIC = NO;
				GCC_NO_COMMON_BLOCKS = YES;
				GCC_OPTIMIZATION_LEVEL = 0;
				GCC_PREPROCESSOR_DEFINITIONS = (
					"DEBUG=1",
					"$(inherited)",
				);
				GCC_WARN_64_TO_32_BIT_CONVERSION = YES;
				GCC_WARN_ABOUT_RETURN_TYPE = YES_ERROR;
				GCC_WARN_UNDECLARED_SELECTOR = YES;
				GCC_WARN_UNINITIALIZED_AUTOS = YES_AGGRESSIVE;
				GCC_WARN_UNUSED_FUNCTION = YES;
				GCC_WARN_UNUSED_VARIABLE = YES;
				IPHONEOS_DEPLOYMENT_TARGET = 14.4;
				MTL_ENABLE_DEBUG_INFO = INCLUDE_SOURCE;
				MTL_FAST_MATH = YES;
				ONLY_ACTIVE_ARCH = YES;
				SDKROOT = iphoneos;
				SWIFT_ACTIVE_COMPILATION_CONDITIONS = DEBUG;
				SWIFT_OPTIMIZATION_LEVEL = "-Onone";
			};
			name = Debug;
		};
		3B7466D425FCC3320000FB00 /* Release */ = {
			isa = XCBuildConfiguration;
			buildSettings = {
				ALWAYS_SEARCH_USER_PATHS = NO;
				CLANG_ANALYZER_NONNULL = YES;
				CLANG_ANALYZER_NUMBER_OBJECT_CONVERSION = YES_AGGRESSIVE;
				CLANG_CXX_LANGUAGE_STANDARD = "gnu++14";
				CLANG_CXX_LIBRARY = "libc++";
				CLANG_ENABLE_MODULES = YES;
				CLANG_ENABLE_OBJC_ARC = YES;
				CLANG_ENABLE_OBJC_WEAK = YES;
				CLANG_WARN_BLOCK_CAPTURE_AUTORELEASING = YES;
				CLANG_WARN_BOOL_CONVERSION = YES;
				CLANG_WARN_COMMA = YES;
				CLANG_WARN_CONSTANT_CONVERSION = YES;
				CLANG_WARN_DEPRECATED_OBJC_IMPLEMENTATIONS = YES;
				CLANG_WARN_DIRECT_OBJC_ISA_USAGE = YES_ERROR;
				CLANG_WARN_DOCUMENTATION_COMMENTS = YES;
				CLANG_WARN_EMPTY_BODY = YES;
				CLANG_WARN_ENUM_CONVERSION = YES;
				CLANG_WARN_INFINITE_RECURSION = YES;
				CLANG_WARN_INT_CONVERSION = YES;
				CLANG_WARN_NON_LITERAL_NULL_CONVERSION = YES;
				CLANG_WARN_OBJC_IMPLICIT_RETAIN_SELF = YES;
				CLANG_WARN_OBJC_LITERAL_CONVERSION = YES;
				CLANG_WARN_OBJC_ROOT_CLASS = YES_ERROR;
				CLANG_WARN_QUOTED_INCLUDE_IN_FRAMEWORK_HEADER = YES;
				CLANG_WARN_RANGE_LOOP_ANALYSIS = YES;
				CLANG_WARN_STRICT_PROTOTYPES = YES;
				CLANG_WARN_SUSPICIOUS_MOVE = YES;
				CLANG_WARN_UNGUARDED_AVAILABILITY = YES_AGGRESSIVE;
				CLANG_WARN_UNREACHABLE_CODE = YES;
				CLANG_WARN__DUPLICATE_METHOD_MATCH = YES;
				COPY_PHASE_STRIP = NO;
				DEBUG_INFORMATION_FORMAT = "dwarf-with-dsym";
				ENABLE_NS_ASSERTIONS = NO;
				ENABLE_STRICT_OBJC_MSGSEND = YES;
				GCC_C_LANGUAGE_STANDARD = gnu11;
				GCC_NO_COMMON_BLOCKS = YES;
				GCC_WARN_64_TO_32_BIT_CONVERSION = YES;
				GCC_WARN_ABOUT_RETURN_TYPE = YES_ERROR;
				GCC_WARN_UNDECLARED_SELECTOR = YES;
				GCC_WARN_UNINITIALIZED_AUTOS = YES_AGGRESSIVE;
				GCC_WARN_UNUSED_FUNCTION = YES;
				GCC_WARN_UNUSED_VARIABLE = YES;
				IPHONEOS_DEPLOYMENT_TARGET = 14.4;
				MTL_ENABLE_DEBUG_INFO = NO;
				MTL_FAST_MATH = YES;
				SDKROOT = iphoneos;
				SWIFT_COMPILATION_MODE = wholemodule;
				SWIFT_OPTIMIZATION_LEVEL = "-O";
				VALIDATE_PRODUCT = YES;
			};
			name = Release;
		};
		3B7466D625FCC3320000FB00 /* Debug */ = {
			isa = XCBuildConfiguration;
			buildSettings = {
				ASSETCATALOG_COMPILER_APPICON_NAME = AppIcon;
				ASSETCATALOG_COMPILER_GLOBAL_ACCENT_COLOR_NAME = AccentColor;
				CODE_SIGN_STYLE = Automatic;
				DEVELOPMENT_TEAM = YJ43G2NR3P;
				INFOPLIST_FILE = HSU/Info.plist;
				IPHONEOS_DEPLOYMENT_TARGET = 13.0;
				LD_RUNPATH_SEARCH_PATHS = (
					"$(inherited)",
					"@executable_path/Frameworks",
				);
				PRODUCT_BUNDLE_IDENTIFIER = com.ezgi.HSU;
				PRODUCT_NAME = "$(TARGET_NAME)";
				SWIFT_VERSION = 5.0;
				TARGETED_DEVICE_FAMILY = "1,2";
			};
			name = Debug;
		};
		3B7466D725FCC3320000FB00 /* Release */ = {
			isa = XCBuildConfiguration;
			buildSettings = {
				ASSETCATALOG_COMPILER_APPICON_NAME = AppIcon;
				ASSETCATALOG_COMPILER_GLOBAL_ACCENT_COLOR_NAME = AccentColor;
				CODE_SIGN_STYLE = Automatic;
				DEVELOPMENT_TEAM = YJ43G2NR3P;
				INFOPLIST_FILE = HSU/Info.plist;
				IPHONEOS_DEPLOYMENT_TARGET = 13.0;
				LD_RUNPATH_SEARCH_PATHS = (
					"$(inherited)",
					"@executable_path/Frameworks",
				);
				PRODUCT_BUNDLE_IDENTIFIER = com.ezgi.HSU;
				PRODUCT_NAME = "$(TARGET_NAME)";
				SWIFT_VERSION = 5.0;
				TARGETED_DEVICE_FAMILY = "1,2";
			};
			name = Release;
		};
/* End XCBuildConfiguration section */

/* Begin XCConfigurationList section */
		3B7466B925FCC32E0000FB00 /* Build configuration list for PBXProject "HSU" */ = {
			isa = XCConfigurationList;
			buildConfigurations = (
				3B7466D325FCC3320000FB00 /* Debug */,
				3B7466D425FCC3320000FB00 /* Release */,
			);
			defaultConfigurationIsVisible = 0;
			defaultConfigurationName = Release;
		};
		3B7466D525FCC3320000FB00 /* Build configuration list for PBXNativeTarget "HSU" */ = {
			isa = XCConfigurationList;
			buildConfigurations = (
				3B7466D625FCC3320000FB00 /* Debug */,
				3B7466D725FCC3320000FB00 /* Release */,
			);
			defaultConfigurationIsVisible = 0;
			defaultConfigurationName = Release;
		};
/* End XCConfigurationList section */

/* Begin XCVersionGroup section */
		3B7466CA25FCC32F0000FB00 /* HSU.xcdatamodeld */ = {
			isa = XCVersionGroup;
			children = (
				3B7466CB25FCC32F0000FB00 /* HSU.xcdatamodel */,
			);
			currentVersion = 3B7466CB25FCC32F0000FB00 /* HSU.xcdatamodel */;
			path = HSU.xcdatamodeld;
			sourceTree = "<group>";
			versionGroupType = wrapper.xcdatamodel;
		};
/* End XCVersionGroup section */
	};
	rootObject = 3B7466B625FCC32E0000FB00 /* Project object */;
}
